// !$*UTF8*$!
{
	archiveVersion = 1;
	classes = {
	};
	objectVersion = 56;
	objects = {

/* Begin PBXGroup section */
		69B05385292CD2F1005BCFC6 = {
			isa = PBXGroup;
			children = (
			);
			sourceTree = "<group>";
		};
/* End PBXGroup section */

/* Begin PBXProject section */
		69B05386292CD2F1005BCFC6 /* Project object */ = {
			isa = PBXProject;
			attributes = {
				BuildIndependentTargetsInParallel = 1;
				LastUpgradeCheck = 1410;
			};
			buildConfigurationList = 69B05389292CD2F1005BCFC6 /* Build configuration list for PBXProject "Toodler" */;
			compatibilityVersion = "Xcode 14.0";
			developmentRegion = en;
			hasScannedForEncodings = 0;
			knownRegions = (
				en,
				Base,
			);
			mainGroup = 69B05385292CD2F1005BCFC6;
			projectDirPath = "";
			projectRoot = "";
			targets = (
			);
		};
/* End PBXProject section */

/* Begin XCBuildConfiguration section */
		69B0538A292CD2F1005BCFC6 /* Debug */ = {
			isa = XCBuildConfiguration;
			buildSettings = {
			};
			name = Debug;
		};
		69B0538B292CD2F1005BCFC6 /* Release */ = {
			isa = XCBuildConfiguration;
			buildSettings = {
			};
			name = Release;
		};
/* End XCBuildConfiguration section */

/* Begin XCConfigurationList section */
		69B05389292CD2F1005BCFC6 /* Build configuration list for PBXProject "Toodler" */ = {
			isa = XCConfigurationList;
			buildConfigurations = (
				69B0538A292CD2F1005BCFC6 /* Debug */,
				69B0538B292CD2F1005BCFC6 /* Release */,
			);
			defaultConfigurationIsVisible = 0;
			defaultConfigurationName = Release;
		};
/* End XCConfigurationList section */
	};
	rootObject = 69B05386292CD2F1005BCFC6 /* Project object */;
}
